
Microsoft Visual Studio Solution File, Format Version 12.00
# Visual Studio Version 16
VisualStudioVersion = 16.0.31424.327
MinimumVisualStudioVersion = 10.0.40219.1
Project("{FAE04EC0-301F-11D3-BF4B-00C04F79EFBC}") = "LineComparisonProblem", "LineComparisonProblem.csproj", "{27C6293C-AF14-4CE0-A2AC-4050D1305EBE}"
EndProject
Global
	GlobalSection(SolutionConfigurationPlatforms) = preSolution
		Debug|Any CPU = Debug|Any CPU
		Release|Any CPU = Release|Any CPU
	EndGlobalSection
	GlobalSection(ProjectConfigurationPlatforms) = postSolution
		{27C6293C-AF14-4CE0-A2AC-4050D1305EBE}.Debug|Any CPU.ActiveCfg = Debug|Any CPU
		{27C6293C-AF14-4CE0-A2AC-4050D1305EBE}.Debug|Any CPU.Build.0 = Debug|Any CPU
		{27C6293C-AF14-4CE0-A2AC-4050D1305EBE}.Release|Any CPU.ActiveCfg = Release|Any CPU
		{27C6293C-AF14-4CE0-A2AC-4050D1305EBE}.Release|Any CPU.Build.0 = Release|Any CPU
	EndGlobalSection
	GlobalSection(SolutionProperties) = preSolution
		HideSolutionNode = FALSE
	EndGlobalSection
	GlobalSection(ExtensibilityGlobals) = postSolution
		SolutionGuid = {BC67BD1F-275A-4661-B4DB-F3BD39AB5DCC}
	EndGlobalSection
EndGlobal
